// !$*UTF8*$!
{
	archiveVersion = 1;
	classes = {
	};
	objectVersion = 46;
	objects = {

/* Begin PBXBuildFile section */
		1811F6C3156C29E0000CF478 /* CFNetwork.framework in Frameworks */ = {isa = PBXBuildFile; fileRef = 1811F6C2156C29E0000CF478 /* CFNetwork.framework */; };
		18665DA6156BEE47000A9740 /* FacebookStatus.m in Sources */ = {isa = PBXBuildFile; fileRef = 18665DA5156BEE47000A9740 /* FacebookStatus.m */; };
		18665DD3156BF748000A9740 /* libRestKit.a in Frameworks */ = {isa = PBXBuildFile; fileRef = 18665DC8156BF63A000A9740 /* libRestKit.a */; settings = {ATTRIBUTES = (Required, ); }; };
		18665DDA156BF7CC000A9740 /* CoreData.framework in Frameworks */ = {isa = PBXBuildFile; fileRef = 18665DD4156BF7CC000A9740 /* CoreData.framework */; };
		18665DDB156BF7CC000A9740 /* libxml2.dylib in Frameworks */ = {isa = PBXBuildFile; fileRef = 18665DD5156BF7CC000A9740 /* libxml2.dylib */; };
		18665DDC156BF7CC000A9740 /* MobileCoreServices.framework in Frameworks */ = {isa = PBXBuildFile; fileRef = 18665DD6156BF7CC000A9740 /* MobileCoreServices.framework */; };
		18665DDD156BF7CC000A9740 /* QuartzCore.framework in Frameworks */ = {isa = PBXBuildFile; fileRef = 18665DD7156BF7CC000A9740 /* QuartzCore.framework */; };
		18665DDE156BF7CC000A9740 /* Security.framework in Frameworks */ = {isa = PBXBuildFile; fileRef = 18665DD8156BF7CC000A9740 /* Security.framework */; };
		18665DDF156BF7CC000A9740 /* SystemConfiguration.framework in Frameworks */ = {isa = PBXBuildFile; fileRef = 18665DD9156BF7CC000A9740 /* SystemConfiguration.framework */; };
		187BEB8E156C1B9B006810C5 /* Tweet.m in Sources */ = {isa = PBXBuildFile; fileRef = 187BEB8D156C1B9B006810C5 /* Tweet.m */; };
		18E7EF67156DC1AB008A0290 /* NSUMapSmall.png in Resources */ = {isa = PBXBuildFile; fileRef = 18E7EF65156DC1AB008A0290 /* NSUMapSmall.png */; };
		18E7EF68156DC1AB008A0290 /* NSUMapSmall@2x.png in Resources */ = {isa = PBXBuildFile; fileRef = 18E7EF66156DC1AB008A0290 /* NSUMapSmall@2x.png */; };
		18E7EF6B156DC236008A0290 /* 103-map.png in Resources */ = {isa = PBXBuildFile; fileRef = 18E7EF69156DC236008A0290 /* 103-map.png */; };
		18E7EF6C156DC236008A0290 /* 103-map@2x.png in Resources */ = {isa = PBXBuildFile; fileRef = 18E7EF6A156DC236008A0290 /* 103-map@2x.png */; };
		18E7EF87156DC3B9008A0290 /* NewsTableController.m in Sources */ = {isa = PBXBuildFile; fileRef = 18E7EF56156DB956008A0290 /* NewsTableController.m */; };
		20B9A1AE156BE07200B29611 /* UIKit.framework in Frameworks */ = {isa = PBXBuildFile; fileRef = 20B9A1AD156BE07200B29611 /* UIKit.framework */; };
		20B9A1B0156BE07200B29611 /* Foundation.framework in Frameworks */ = {isa = PBXBuildFile; fileRef = 20B9A1AF156BE07200B29611 /* Foundation.framework */; };
		20B9A1B2156BE07200B29611 /* CoreGraphics.framework in Frameworks */ = {isa = PBXBuildFile; fileRef = 20B9A1B1156BE07200B29611 /* CoreGraphics.framework */; };
		20B9A1B8156BE07200B29611 /* InfoPlist.strings in Resources */ = {isa = PBXBuildFile; fileRef = 20B9A1B6156BE07200B29611 /* InfoPlist.strings */; };
		20B9A1BA156BE07200B29611 /* main.m in Sources */ = {isa = PBXBuildFile; fileRef = 20B9A1B9156BE07200B29611 /* main.m */; };
		20B9A1BE156BE07200B29611 /* AppDelegate.m in Sources */ = {isa = PBXBuildFile; fileRef = 20B9A1BD156BE07200B29611 /* AppDelegate.m */; };
		20B9A1C1156BE07200B29611 /* MainStoryboard_iPhone.storyboard in Resources */ = {isa = PBXBuildFile; fileRef = 20B9A1BF156BE07200B29611 /* MainStoryboard_iPhone.storyboard */; };
		20B9A25E156D9B8B00B29611 /* MapViewController.m in Sources */ = {isa = PBXBuildFile; fileRef = 20B9A25D156D9B8B00B29611 /* MapViewController.m */; };
		20B9A27C156EBCE900B29611 /* Prospy.m in Sources */ = {isa = PBXBuildFile; fileRef = E71AA226156DB024002776D7 /* Prospy.m */; };
		20B9A29D156EBEC300B29611 /* CoreText.framework in Frameworks */ = {isa = PBXBuildFile; fileRef = 20B9A29C156EBEC300B29611 /* CoreText.framework */; };
		20B9A2A1156EBF0100B29611 /* TTTAttributedLabel.m in Sources */ = {isa = PBXBuildFile; fileRef = 20B9A2A0156EBF0100B29611 /* TTTAttributedLabel.m */; settings = {COMPILER_FLAGS = "-fno-objc-arc"; }; };
		20B9A2A7156EC0A800B29611 /* GTMNSString+HTML.m in Sources */ = {isa = PBXBuildFile; fileRef = 20B9A2A4156EC0A800B29611 /* GTMNSString+HTML.m */; settings = {COMPILER_FLAGS = "-fno-objc-arc"; }; };
		20B9A2A8156EC0A800B29611 /* NSString+HTML.m in Sources */ = {isa = PBXBuildFile; fileRef = 20B9A2A6156EC0A800B29611 /* NSString+HTML.m */; settings = {COMPILER_FLAGS = "-fno-objc-arc"; }; };
		20B9A2AD156EC4F400B29611 /* StatusTableViewCell.m in Sources */ = {isa = PBXBuildFile; fileRef = 20B9A2AA156EC4F400B29611 /* StatusTableViewCell.m */; };
		20B9A2AE156EC4F400B29611 /* TweetTableViewCell.m in Sources */ = {isa = PBXBuildFile; fileRef = 20B9A2AC156EC4F400B29611 /* TweetTableViewCell.m */; };
		20B9A2D1156EE43600B29611 /* Localizable.strings in Resources */ = {isa = PBXBuildFile; fileRef = 20B9A2CB156EE43600B29611 /* Localizable.strings */; };
		20B9A2D2156EE43600B29611 /* NSDate+HumanizedTime.m in Sources */ = {isa = PBXBuildFile; fileRef = 20B9A2CF156EE43600B29611 /* NSDate+HumanizedTime.m */; };
		20B9A2D5156EF27E00B29611 /* TPKeyboardAvoidingScrollView.m in Sources */ = {isa = PBXBuildFile; fileRef = 20B9A2D4156EF27E00B29611 /* TPKeyboardAvoidingScrollView.m */; settings = {COMPILER_FLAGS = "-fno-objc-arc"; }; };
		20B9A3A9156F015200B29611 /* NICommonMetrics.m in Sources */ = {isa = PBXBuildFile; fileRef = 20B9A37D156F015200B29611 /* NICommonMetrics.m */; settings = {COMPILER_FLAGS = "-fno-objc-arc"; }; };
		20B9A3AA156F015200B29611 /* NIDataStructures.m in Sources */ = {isa = PBXBuildFile; fileRef = 20B9A37F156F015200B29611 /* NIDataStructures.m */; settings = {COMPILER_FLAGS = "-fno-objc-arc"; }; };
		20B9A3AB156F015200B29611 /* NIDebuggingTools.m in Sources */ = {isa = PBXBuildFile; fileRef = 20B9A381156F015200B29611 /* NIDebuggingTools.m */; settings = {COMPILER_FLAGS = "-fno-objc-arc"; }; };
		20B9A3AC156F015200B29611 /* NIDeviceOrientation.m in Sources */ = {isa = PBXBuildFile; fileRef = 20B9A383156F015200B29611 /* NIDeviceOrientation.m */; settings = {COMPILER_FLAGS = "-fno-objc-arc"; }; };
		20B9A3AD156F015200B29611 /* NIError.m in Sources */ = {isa = PBXBuildFile; fileRef = 20B9A385156F015200B29611 /* NIError.m */; settings = {COMPILER_FLAGS = "-fno-objc-arc"; }; };
		20B9A3AE156F015200B29611 /* NIFoundationMethods.m in Sources */ = {isa = PBXBuildFile; fileRef = 20B9A387156F015200B29611 /* NIFoundationMethods.m */; settings = {COMPILER_FLAGS = "-fno-objc-arc"; }; };
		20B9A3AF156F015200B29611 /* NIInMemoryCache.m in Sources */ = {isa = PBXBuildFile; fileRef = 20B9A389156F015200B29611 /* NIInMemoryCache.m */; settings = {COMPILER_FLAGS = "-fno-objc-arc"; }; };
		20B9A3B0156F015200B29611 /* NINavigationAppearance.m in Sources */ = {isa = PBXBuildFile; fileRef = 20B9A38E156F015200B29611 /* NINavigationAppearance.m */; settings = {COMPILER_FLAGS = "-fno-objc-arc"; }; };
		20B9A3B1156F015200B29611 /* NINetworkActivity.m in Sources */ = {isa = PBXBuildFile; fileRef = 20B9A390156F015200B29611 /* NINetworkActivity.m */; settings = {COMPILER_FLAGS = "-fno-objc-arc"; }; };
		20B9A3B2156F015200B29611 /* NINonEmptyCollectionTesting.m in Sources */ = {isa = PBXBuildFile; fileRef = 20B9A392156F015200B29611 /* NINonEmptyCollectionTesting.m */; settings = {COMPILER_FLAGS = "-fno-objc-arc"; }; };
		20B9A3B3156F015200B29611 /* NINonRetainingCollections.m in Sources */ = {isa = PBXBuildFile; fileRef = 20B9A394156F015200B29611 /* NINonRetainingCollections.m */; settings = {COMPILER_FLAGS = "-fno-objc-arc"; }; };
		20B9A3B4156F015200B29611 /* NIOperations.m in Sources */ = {isa = PBXBuildFile; fileRef = 20B9A396156F015200B29611 /* NIOperations.m */; settings = {COMPILER_FLAGS = "-fno-objc-arc"; }; };
		20B9A3B5156F015200B29611 /* NIPaths.m in Sources */ = {isa = PBXBuildFile; fileRef = 20B9A399156F015200B29611 /* NIPaths.m */; settings = {COMPILER_FLAGS = "-fno-objc-arc"; }; };
		20B9A3B6156F015200B29611 /* NIRuntimeClassModifications.m in Sources */ = {isa = PBXBuildFile; fileRef = 20B9A39C156F015200B29611 /* NIRuntimeClassModifications.m */; settings = {COMPILER_FLAGS = "-fno-objc-arc"; }; };
		20B9A3B7156F015200B29611 /* NISDKAvailability.m in Sources */ = {isa = PBXBuildFile; fileRef = 20B9A39E156F015200B29611 /* NISDKAvailability.m */; settings = {COMPILER_FLAGS = "-fno-objc-arc"; }; };
		20B9A3B8156F015200B29611 /* NIState.m in Sources */ = {isa = PBXBuildFile; fileRef = 20B9A3A0156F015200B29611 /* NIState.m */; settings = {COMPILER_FLAGS = "-fno-objc-arc"; }; };
		20B9A3B9156F015200B29611 /* NIViewRecycler.m in Sources */ = {isa = PBXBuildFile; fileRef = 20B9A3A2156F015200B29611 /* NIViewRecycler.m */; settings = {COMPILER_FLAGS = "-fno-objc-arc"; }; };
		20B9A3BA156F015200B29611 /* NSData+NimbusCore.m in Sources */ = {isa = PBXBuildFile; fileRef = 20B9A3A4156F015200B29611 /* NSData+NimbusCore.m */; settings = {COMPILER_FLAGS = "-fno-objc-arc"; }; };
		20B9A3BB156F015200B29611 /* NSString+NimbusCore.m in Sources */ = {isa = PBXBuildFile; fileRef = 20B9A3A6156F015200B29611 /* NSString+NimbusCore.m */; settings = {COMPILER_FLAGS = "-fno-objc-arc"; }; };
		20B9A3BC156F015200B29611 /* UIView+NimbusCore.m in Sources */ = {isa = PBXBuildFile; fileRef = 20B9A3A8156F015200B29611 /* UIView+NimbusCore.m */; settings = {COMPILER_FLAGS = "-fno-objc-arc"; }; };
		20B9A3C4156F017400B29611 /* NINetworkImageRequest.m in Sources */ = {isa = PBXBuildFile; fileRef = 20B9A3C1156F017400B29611 /* NINetworkImageRequest.m */; settings = {COMPILER_FLAGS = "-fno-objc-arc"; }; };
		20B9A3C5156F017400B29611 /* NINetworkImageView.m in Sources */ = {isa = PBXBuildFile; fileRef = 20B9A3C3156F017400B29611 /* NINetworkImageView.m */; settings = {COMPILER_FLAGS = "-fno-objc-arc"; }; };
		20B9A3C8156F026C00B29611 /* Graph Paper - iPhone.png in Resources */ = {isa = PBXBuildFile; fileRef = 20B9A3C6156F026C00B29611 /* Graph Paper - iPhone.png */; };
		20B9A3C9156F026C00B29611 /* Graph Paper - iPhone@2x.png in Resources */ = {isa = PBXBuildFile; fileRef = 20B9A3C7156F026C00B29611 /* Graph Paper - iPhone@2x.png */; };
		20B9A3CC156F031E00B29611 /* 166-newspaper@2x.png in Resources */ = {isa = PBXBuildFile; fileRef = 20B9A3CA156F031E00B29611 /* 166-newspaper@2x.png */; };
		20B9A3CD156F031E00B29611 /* 166-newspaper.png in Resources */ = {isa = PBXBuildFile; fileRef = 20B9A3CB156F031E00B29611 /* 166-newspaper.png */; };
		20B9A3D0156F03EA00B29611 /* 18-envelope@2x.png in Resources */ = {isa = PBXBuildFile; fileRef = 20B9A3CE156F03EA00B29611 /* 18-envelope@2x.png */; };
		20B9A3D1156F03EA00B29611 /* 18-envelope.png in Resources */ = {isa = PBXBuildFile; fileRef = 20B9A3CF156F03EA00B29611 /* 18-envelope.png */; };
		E7C68035156D926D00DD30B6 /* InterestViewController.m in Sources */ = {isa = PBXBuildFile; fileRef = E7C68034156D926D00DD30B6 /* InterestViewController.m */; };
/* End PBXBuildFile section */

/* Begin PBXContainerItemProxy section */
		18665DC7156BF63A000A9740 /* PBXContainerItemProxy */ = {
			isa = PBXContainerItemProxy;
			containerPortal = 18665DBC156BF63A000A9740 /* RestKit.xcodeproj */;
			proxyType = 2;
			remoteGlobalIDString = 25160D1614564E810060A5C5;
			remoteInfo = RestKit;
		};
		18665DC9156BF63A000A9740 /* PBXContainerItemProxy */ = {
			isa = PBXContainerItemProxy;
			containerPortal = 18665DBC156BF63A000A9740 /* RestKit.xcodeproj */;
			proxyType = 2;
			remoteGlobalIDString = 25160D2614564E820060A5C5;
			remoteInfo = RestKitTests;
		};
		18665DCB156BF63A000A9740 /* PBXContainerItemProxy */ = {
			isa = PBXContainerItemProxy;
			containerPortal = 18665DBC156BF63A000A9740 /* RestKit.xcodeproj */;
			proxyType = 2;
			remoteGlobalIDString = 25160E62145651060060A5C5;
			remoteInfo = RestKitFramework;
		};
		18665DCD156BF63A000A9740 /* PBXContainerItemProxy */ = {
			isa = PBXContainerItemProxy;
			containerPortal = 18665DBC156BF63A000A9740 /* RestKit.xcodeproj */;
			proxyType = 2;
			remoteGlobalIDString = 25160E78145651060060A5C5;
			remoteInfo = RestKitFrameworkTests;
		};
		18665DCF156BF63A000A9740 /* PBXContainerItemProxy */ = {
			isa = PBXContainerItemProxy;
			containerPortal = 18665DBC156BF63A000A9740 /* RestKit.xcodeproj */;
			proxyType = 2;
			remoteGlobalIDString = 259C301615128079003066A2;
			remoteInfo = RestKitResources;
		};
		18665DD1156BF6F9000A9740 /* PBXContainerItemProxy */ = {
			isa = PBXContainerItemProxy;
			containerPortal = 18665DBC156BF63A000A9740 /* RestKit.xcodeproj */;
			proxyType = 1;
			remoteGlobalIDString = 25160D1514564E810060A5C5;
			remoteInfo = RestKit;
		};
/* End PBXContainerItemProxy section */

/* Begin PBXFileReference section */
		1811F6C2156C29E0000CF478 /* CFNetwork.framework */ = {isa = PBXFileReference; lastKnownFileType = wrapper.framework; name = CFNetwork.framework; path = System/Library/Frameworks/CFNetwork.framework; sourceTree = SDKROOT; };
		18665DA4156BEE47000A9740 /* FacebookStatus.h */ = {isa = PBXFileReference; fileEncoding = 4; lastKnownFileType = sourcecode.c.h; path = FacebookStatus.h; sourceTree = "<group>"; };
		18665DA5156BEE47000A9740 /* FacebookStatus.m */ = {isa = PBXFileReference; fileEncoding = 4; lastKnownFileType = sourcecode.c.objc; path = FacebookStatus.m; sourceTree = "<group>"; };
		18665DBC156BF63A000A9740 /* RestKit.xcodeproj */ = {isa = PBXFileReference; lastKnownFileType = "wrapper.pb-project"; name = RestKit.xcodeproj; path = LSMSA/RestKit/RestKit.xcodeproj; sourceTree = "<group>"; };
		18665DD4156BF7CC000A9740 /* CoreData.framework */ = {isa = PBXFileReference; lastKnownFileType = wrapper.framework; name = CoreData.framework; path = System/Library/Frameworks/CoreData.framework; sourceTree = SDKROOT; };
		18665DD5156BF7CC000A9740 /* libxml2.dylib */ = {isa = PBXFileReference; lastKnownFileType = "compiled.mach-o.dylib"; name = libxml2.dylib; path = usr/lib/libxml2.dylib; sourceTree = SDKROOT; };
		18665DD6156BF7CC000A9740 /* MobileCoreServices.framework */ = {isa = PBXFileReference; lastKnownFileType = wrapper.framework; name = MobileCoreServices.framework; path = System/Library/Frameworks/MobileCoreServices.framework; sourceTree = SDKROOT; };
		18665DD7156BF7CC000A9740 /* QuartzCore.framework */ = {isa = PBXFileReference; lastKnownFileType = wrapper.framework; name = QuartzCore.framework; path = System/Library/Frameworks/QuartzCore.framework; sourceTree = SDKROOT; };
		18665DD8156BF7CC000A9740 /* Security.framework */ = {isa = PBXFileReference; lastKnownFileType = wrapper.framework; name = Security.framework; path = System/Library/Frameworks/Security.framework; sourceTree = SDKROOT; };
		18665DD9156BF7CC000A9740 /* SystemConfiguration.framework */ = {isa = PBXFileReference; lastKnownFileType = wrapper.framework; name = SystemConfiguration.framework; path = System/Library/Frameworks/SystemConfiguration.framework; sourceTree = SDKROOT; };
		187BEB8C156C1B9B006810C5 /* Tweet.h */ = {isa = PBXFileReference; fileEncoding = 4; lastKnownFileType = sourcecode.c.h; path = Tweet.h; sourceTree = "<group>"; };
		187BEB8D156C1B9B006810C5 /* Tweet.m */ = {isa = PBXFileReference; fileEncoding = 4; lastKnownFileType = sourcecode.c.objc; path = Tweet.m; sourceTree = "<group>"; };
		18E7EF55156DB956008A0290 /* NewsTableController.h */ = {isa = PBXFileReference; fileEncoding = 4; lastKnownFileType = sourcecode.c.h; path = NewsTableController.h; sourceTree = "<group>"; };
		18E7EF56156DB956008A0290 /* NewsTableController.m */ = {isa = PBXFileReference; fileEncoding = 4; lastKnownFileType = sourcecode.c.objc; path = NewsTableController.m; sourceTree = "<group>"; };
		18E7EF65156DC1AB008A0290 /* NSUMapSmall.png */ = {isa = PBXFileReference; lastKnownFileType = image.png; path = NSUMapSmall.png; sourceTree = "<group>"; };
		18E7EF66156DC1AB008A0290 /* NSUMapSmall@2x.png */ = {isa = PBXFileReference; lastKnownFileType = image.png; path = "NSUMapSmall@2x.png"; sourceTree = "<group>"; };
		18E7EF69156DC236008A0290 /* 103-map.png */ = {isa = PBXFileReference; lastKnownFileType = image.png; path = "103-map.png"; sourceTree = "<group>"; };
		18E7EF6A156DC236008A0290 /* 103-map@2x.png */ = {isa = PBXFileReference; lastKnownFileType = image.png; path = "103-map@2x.png"; sourceTree = "<group>"; };
		20B9A1A9156BE07200B29611 /* LSMSA.app */ = {isa = PBXFileReference; explicitFileType = wrapper.application; includeInIndex = 0; path = LSMSA.app; sourceTree = BUILT_PRODUCTS_DIR; };
		20B9A1AD156BE07200B29611 /* UIKit.framework */ = {isa = PBXFileReference; lastKnownFileType = wrapper.framework; name = UIKit.framework; path = System/Library/Frameworks/UIKit.framework; sourceTree = SDKROOT; };
		20B9A1AF156BE07200B29611 /* Foundation.framework */ = {isa = PBXFileReference; lastKnownFileType = wrapper.framework; name = Foundation.framework; path = System/Library/Frameworks/Foundation.framework; sourceTree = SDKROOT; };
		20B9A1B1156BE07200B29611 /* CoreGraphics.framework */ = {isa = PBXFileReference; lastKnownFileType = wrapper.framework; name = CoreGraphics.framework; path = System/Library/Frameworks/CoreGraphics.framework; sourceTree = SDKROOT; };
		20B9A1B5156BE07200B29611 /* LSMSA-Info.plist */ = {isa = PBXFileReference; lastKnownFileType = text.plist.xml; path = "LSMSA-Info.plist"; sourceTree = "<group>"; };
		20B9A1B7156BE07200B29611 /* en */ = {isa = PBXFileReference; lastKnownFileType = text.plist.strings; name = en; path = en.lproj/InfoPlist.strings; sourceTree = "<group>"; };
		20B9A1B9156BE07200B29611 /* main.m */ = {isa = PBXFileReference; lastKnownFileType = sourcecode.c.objc; path = main.m; sourceTree = "<group>"; };
		20B9A1BB156BE07200B29611 /* LSMSA-Prefix.pch */ = {isa = PBXFileReference; lastKnownFileType = sourcecode.c.h; path = "LSMSA-Prefix.pch"; sourceTree = "<group>"; };
		20B9A1BC156BE07200B29611 /* AppDelegate.h */ = {isa = PBXFileReference; lastKnownFileType = sourcecode.c.h; path = AppDelegate.h; sourceTree = "<group>"; };
		20B9A1BD156BE07200B29611 /* AppDelegate.m */ = {isa = PBXFileReference; lastKnownFileType = sourcecode.c.objc; path = AppDelegate.m; sourceTree = "<group>"; };
		20B9A1C0156BE07200B29611 /* en */ = {isa = PBXFileReference; lastKnownFileType = file.storyboard; name = en; path = en.lproj/MainStoryboard_iPhone.storyboard; sourceTree = "<group>"; };
		20B9A25C156D9B8B00B29611 /* MapViewController.h */ = {isa = PBXFileReference; fileEncoding = 4; lastKnownFileType = sourcecode.c.h; path = MapViewController.h; sourceTree = "<group>"; };
		20B9A25D156D9B8B00B29611 /* MapViewController.m */ = {isa = PBXFileReference; fileEncoding = 4; lastKnownFileType = sourcecode.c.objc; path = MapViewController.m; sourceTree = "<group>"; };
		20B9A29C156EBEC300B29611 /* CoreText.framework */ = {isa = PBXFileReference; lastKnownFileType = wrapper.framework; name = CoreText.framework; path = System/Library/Frameworks/CoreText.framework; sourceTree = SDKROOT; };
		20B9A29F156EBF0100B29611 /* TTTAttributedLabel.h */ = {isa = PBXFileReference; fileEncoding = 4; lastKnownFileType = sourcecode.c.h; path = TTTAttributedLabel.h; sourceTree = "<group>"; };
		20B9A2A0156EBF0100B29611 /* TTTAttributedLabel.m */ = {isa = PBXFileReference; fileEncoding = 4; lastKnownFileType = sourcecode.c.objc; path = TTTAttributedLabel.m; sourceTree = "<group>"; };
		20B9A2A3156EC0A800B29611 /* GTMNSString+HTML.h */ = {isa = PBXFileReference; fileEncoding = 4; lastKnownFileType = sourcecode.c.h; path = "GTMNSString+HTML.h"; sourceTree = "<group>"; };
		20B9A2A4156EC0A800B29611 /* GTMNSString+HTML.m */ = {isa = PBXFileReference; fileEncoding = 4; lastKnownFileType = sourcecode.c.objc; path = "GTMNSString+HTML.m"; sourceTree = "<group>"; };
		20B9A2A5156EC0A800B29611 /* NSString+HTML.h */ = {isa = PBXFileReference; fileEncoding = 4; lastKnownFileType = sourcecode.c.h; path = "NSString+HTML.h"; sourceTree = "<group>"; };
		20B9A2A6156EC0A800B29611 /* NSString+HTML.m */ = {isa = PBXFileReference; fileEncoding = 4; lastKnownFileType = sourcecode.c.objc; path = "NSString+HTML.m"; sourceTree = "<group>"; };
		20B9A2A9156EC4F400B29611 /* StatusTableViewCell.h */ = {isa = PBXFileReference; fileEncoding = 4; lastKnownFileType = sourcecode.c.h; path = StatusTableViewCell.h; sourceTree = "<group>"; };
		20B9A2AA156EC4F400B29611 /* StatusTableViewCell.m */ = {isa = PBXFileReference; fileEncoding = 4; lastKnownFileType = sourcecode.c.objc; path = StatusTableViewCell.m; sourceTree = "<group>"; };
		20B9A2AB156EC4F400B29611 /* TweetTableViewCell.h */ = {isa = PBXFileReference; fileEncoding = 4; lastKnownFileType = sourcecode.c.h; path = TweetTableViewCell.h; sourceTree = "<group>"; };
		20B9A2AC156EC4F400B29611 /* TweetTableViewCell.m */ = {isa = PBXFileReference; fileEncoding = 4; lastKnownFileType = sourcecode.c.objc; path = TweetTableViewCell.m; sourceTree = "<group>"; };
		20B9A2CC156EE43600B29611 /* de */ = {isa = PBXFileReference; lastKnownFileType = text.plist.strings; name = de; path = de.lproj/Localizable.strings; sourceTree = "<group>"; };
		20B9A2CD156EE43600B29611 /* en */ = {isa = PBXFileReference; lastKnownFileType = text.plist.strings; name = en; path = en.lproj/Localizable.strings; sourceTree = "<group>"; };
		20B9A2CE156EE43600B29611 /* NSDate+HumanizedTime.h */ = {isa = PBXFileReference; fileEncoding = 4; lastKnownFileType = sourcecode.c.h; path = "NSDate+HumanizedTime.h"; sourceTree = "<group>"; };
		20B9A2CF156EE43600B29611 /* NSDate+HumanizedTime.m */ = {isa = PBXFileReference; fileEncoding = 4; lastKnownFileType = sourcecode.c.objc; path = "NSDate+HumanizedTime.m"; sourceTree = "<group>"; };
		20B9A2D0156EE43600B29611 /* tr */ = {isa = PBXFileReference; lastKnownFileType = text.plist.strings; name = tr; path = tr.lproj/Localizable.strings; sourceTree = "<group>"; };
		20B9A2D3156EF27E00B29611 /* TPKeyboardAvoidingScrollView.h */ = {isa = PBXFileReference; fileEncoding = 4; lastKnownFileType = sourcecode.c.h; path = TPKeyboardAvoidingScrollView.h; sourceTree = "<group>"; };
		20B9A2D4156EF27E00B29611 /* TPKeyboardAvoidingScrollView.m */ = {isa = PBXFileReference; fileEncoding = 4; lastKnownFileType = sourcecode.c.objc; path = TPKeyboardAvoidingScrollView.m; sourceTree = "<group>"; };
		20B9A37B156F015200B29611 /* NIBlocks.h */ = {isa = PBXFileReference; fileEncoding = 4; lastKnownFileType = sourcecode.c.h; name = NIBlocks.h; path = nimbus/src/core/src/NIBlocks.h; sourceTree = "<group>"; };
		20B9A37C156F015200B29611 /* NICommonMetrics.h */ = {isa = PBXFileReference; fileEncoding = 4; lastKnownFileType = sourcecode.c.h; name = NICommonMetrics.h; path = nimbus/src/core/src/NICommonMetrics.h; sourceTree = "<group>"; };
		20B9A37D156F015200B29611 /* NICommonMetrics.m */ = {isa = PBXFileReference; fileEncoding = 4; lastKnownFileType = sourcecode.c.objc; name = NICommonMetrics.m; path = nimbus/src/core/src/NICommonMetrics.m; sourceTree = "<group>"; };
		20B9A37E156F015200B29611 /* NIDataStructures.h */ = {isa = PBXFileReference; fileEncoding = 4; lastKnownFileType = sourcecode.c.h; name = NIDataStructures.h; path = nimbus/src/core/src/NIDataStructures.h; sourceTree = "<group>"; };
		20B9A37F156F015200B29611 /* NIDataStructures.m */ = {isa = PBXFileReference; fileEncoding = 4; lastKnownFileType = sourcecode.c.objc; name = NIDataStructures.m; path = nimbus/src/core/src/NIDataStructures.m; sourceTree = "<group>"; };
		20B9A380156F015200B29611 /* NIDebuggingTools.h */ = {isa = PBXFileReference; fileEncoding = 4; lastKnownFileType = sourcecode.c.h; name = NIDebuggingTools.h; path = nimbus/src/core/src/NIDebuggingTools.h; sourceTree = "<group>"; };
		20B9A381156F015200B29611 /* NIDebuggingTools.m */ = {isa = PBXFileReference; fileEncoding = 4; lastKnownFileType = sourcecode.c.objc; name = NIDebuggingTools.m; path = nimbus/src/core/src/NIDebuggingTools.m; sourceTree = "<group>"; };
		20B9A382156F015200B29611 /* NIDeviceOrientation.h */ = {isa = PBXFileReference; fileEncoding = 4; lastKnownFileType = sourcecode.c.h; name = NIDeviceOrientation.h; path = nimbus/src/core/src/NIDeviceOrientation.h; sourceTree = "<group>"; };
		20B9A383156F015200B29611 /* NIDeviceOrientation.m */ = {isa = PBXFileReference; fileEncoding = 4; lastKnownFileType = sourcecode.c.objc; name = NIDeviceOrientation.m; path = nimbus/src/core/src/NIDeviceOrientation.m; sourceTree = "<group>"; };
		20B9A384156F015200B29611 /* NIError.h */ = {isa = PBXFileReference; fileEncoding = 4; lastKnownFileType = sourcecode.c.h; name = NIError.h; path = nimbus/src/core/src/NIError.h; sourceTree = "<group>"; };
		20B9A385156F015200B29611 /* NIError.m */ = {isa = PBXFileReference; fileEncoding = 4; lastKnownFileType = sourcecode.c.objc; name = NIError.m; path = nimbus/src/core/src/NIError.m; sourceTree = "<group>"; };
		20B9A386156F015200B29611 /* NIFoundationMethods.h */ = {isa = PBXFileReference; fileEncoding = 4; lastKnownFileType = sourcecode.c.h; name = NIFoundationMethods.h; path = nimbus/src/core/src/NIFoundationMethods.h; sourceTree = "<group>"; };
		20B9A387156F015200B29611 /* NIFoundationMethods.m */ = {isa = PBXFileReference; fileEncoding = 4; lastKnownFileType = sourcecode.c.objc; name = NIFoundationMethods.m; path = nimbus/src/core/src/NIFoundationMethods.m; sourceTree = "<group>"; };
		20B9A388156F015200B29611 /* NIInMemoryCache.h */ = {isa = PBXFileReference; fileEncoding = 4; lastKnownFileType = sourcecode.c.h; name = NIInMemoryCache.h; path = nimbus/src/core/src/NIInMemoryCache.h; sourceTree = "<group>"; };
		20B9A389156F015200B29611 /* NIInMemoryCache.m */ = {isa = PBXFileReference; fileEncoding = 4; lastKnownFileType = sourcecode.c.objc; name = NIInMemoryCache.m; path = nimbus/src/core/src/NIInMemoryCache.m; sourceTree = "<group>"; };
		20B9A38A156F015200B29611 /* NimbusCore.h */ = {isa = PBXFileReference; fileEncoding = 4; lastKnownFileType = sourcecode.c.h; name = NimbusCore.h; path = nimbus/src/core/src/NimbusCore.h; sourceTree = "<group>"; };
		20B9A38B156F015200B29611 /* NimbusCore+Additions.h */ = {isa = PBXFileReference; fileEncoding = 4; lastKnownFileType = sourcecode.c.h; name = "NimbusCore+Additions.h"; path = "nimbus/src/core/src/NimbusCore+Additions.h"; sourceTree = "<group>"; };
		20B9A38C156F015200B29611 /* NimbusCore+Namespace.h */ = {isa = PBXFileReference; fileEncoding = 4; lastKnownFileType = sourcecode.c.h; name = "NimbusCore+Namespace.h"; path = "nimbus/src/core/src/NimbusCore+Namespace.h"; sourceTree = "<group>"; };
		20B9A38D156F015200B29611 /* NINavigationAppearance.h */ = {isa = PBXFileReference; fileEncoding = 4; lastKnownFileType = sourcecode.c.h; name = NINavigationAppearance.h; path = nimbus/src/core/src/NINavigationAppearance.h; sourceTree = "<group>"; };
		20B9A38E156F015200B29611 /* NINavigationAppearance.m */ = {isa = PBXFileReference; fileEncoding = 4; lastKnownFileType = sourcecode.c.objc; name = NINavigationAppearance.m; path = nimbus/src/core/src/NINavigationAppearance.m; sourceTree = "<group>"; };
		20B9A38F156F015200B29611 /* NINetworkActivity.h */ = {isa = PBXFileReference; fileEncoding = 4; lastKnownFileType = sourcecode.c.h; name = NINetworkActivity.h; path = nimbus/src/core/src/NINetworkActivity.h; sourceTree = "<group>"; };
		20B9A390156F015200B29611 /* NINetworkActivity.m */ = {isa = PBXFileReference; fileEncoding = 4; lastKnownFileType = sourcecode.c.objc; name = NINetworkActivity.m; path = nimbus/src/core/src/NINetworkActivity.m; sourceTree = "<group>"; };
		20B9A391156F015200B29611 /* NINonEmptyCollectionTesting.h */ = {isa = PBXFileReference; fileEncoding = 4; lastKnownFileType = sourcecode.c.h; name = NINonEmptyCollectionTesting.h; path = nimbus/src/core/src/NINonEmptyCollectionTesting.h; sourceTree = "<group>"; };
		20B9A392156F015200B29611 /* NINonEmptyCollectionTesting.m */ = {isa = PBXFileReference; fileEncoding = 4; lastKnownFileType = sourcecode.c.objc; name = NINonEmptyCollectionTesting.m; path = nimbus/src/core/src/NINonEmptyCollectionTesting.m; sourceTree = "<group>"; };
		20B9A393156F015200B29611 /* NINonRetainingCollections.h */ = {isa = PBXFileReference; fileEncoding = 4; lastKnownFileType = sourcecode.c.h; name = NINonRetainingCollections.h; path = nimbus/src/core/src/NINonRetainingCollections.h; sourceTree = "<group>"; };
		20B9A394156F015200B29611 /* NINonRetainingCollections.m */ = {isa = PBXFileReference; fileEncoding = 4; lastKnownFileType = sourcecode.c.objc; name = NINonRetainingCollections.m; path = nimbus/src/core/src/NINonRetainingCollections.m; sourceTree = "<group>"; };
		20B9A395156F015200B29611 /* NIOperations.h */ = {isa = PBXFileReference; fileEncoding = 4; lastKnownFileType = sourcecode.c.h; name = NIOperations.h; path = nimbus/src/core/src/NIOperations.h; sourceTree = "<group>"; };
		20B9A396156F015200B29611 /* NIOperations.m */ = {isa = PBXFileReference; fileEncoding = 4; lastKnownFileType = sourcecode.c.objc; name = NIOperations.m; path = nimbus/src/core/src/NIOperations.m; sourceTree = "<group>"; };
		20B9A397156F015200B29611 /* NIOperations+Subclassing.h */ = {isa = PBXFileReference; fileEncoding = 4; lastKnownFileType = sourcecode.c.h; name = "NIOperations+Subclassing.h"; path = "nimbus/src/core/src/NIOperations+Subclassing.h"; sourceTree = "<group>"; };
		20B9A398156F015200B29611 /* NIPaths.h */ = {isa = PBXFileReference; fileEncoding = 4; lastKnownFileType = sourcecode.c.h; name = NIPaths.h; path = nimbus/src/core/src/NIPaths.h; sourceTree = "<group>"; };
		20B9A399156F015200B29611 /* NIPaths.m */ = {isa = PBXFileReference; fileEncoding = 4; lastKnownFileType = sourcecode.c.objc; name = NIPaths.m; path = nimbus/src/core/src/NIPaths.m; sourceTree = "<group>"; };
		20B9A39A156F015200B29611 /* NIPreprocessorMacros.h */ = {isa = PBXFileReference; fileEncoding = 4; lastKnownFileType = sourcecode.c.h; name = NIPreprocessorMacros.h; path = nimbus/src/core/src/NIPreprocessorMacros.h; sourceTree = "<group>"; };
		20B9A39B156F015200B29611 /* NIRuntimeClassModifications.h */ = {isa = PBXFileReference; fileEncoding = 4; lastKnownFileType = sourcecode.c.h; name = NIRuntimeClassModifications.h; path = nimbus/src/core/src/NIRuntimeClassModifications.h; sourceTree = "<group>"; };
		20B9A39C156F015200B29611 /* NIRuntimeClassModifications.m */ = {isa = PBXFileReference; fileEncoding = 4; lastKnownFileType = sourcecode.c.objc; name = NIRuntimeClassModifications.m; path = nimbus/src/core/src/NIRuntimeClassModifications.m; sourceTree = "<group>"; };
		20B9A39D156F015200B29611 /* NISDKAvailability.h */ = {isa = PBXFileReference; fileEncoding = 4; lastKnownFileType = sourcecode.c.h; name = NISDKAvailability.h; path = nimbus/src/core/src/NISDKAvailability.h; sourceTree = "<group>"; };
		20B9A39E156F015200B29611 /* NISDKAvailability.m */ = {isa = PBXFileReference; fileEncoding = 4; lastKnownFileType = sourcecode.c.objc; name = NISDKAvailability.m; path = nimbus/src/core/src/NISDKAvailability.m; sourceTree = "<group>"; };
		20B9A39F156F015200B29611 /* NIState.h */ = {isa = PBXFileReference; fileEncoding = 4; lastKnownFileType = sourcecode.c.h; name = NIState.h; path = nimbus/src/core/src/NIState.h; sourceTree = "<group>"; };
		20B9A3A0156F015200B29611 /* NIState.m */ = {isa = PBXFileReference; fileEncoding = 4; lastKnownFileType = sourcecode.c.objc; name = NIState.m; path = nimbus/src/core/src/NIState.m; sourceTree = "<group>"; };
		20B9A3A1156F015200B29611 /* NIViewRecycler.h */ = {isa = PBXFileReference; fileEncoding = 4; lastKnownFileType = sourcecode.c.h; name = NIViewRecycler.h; path = nimbus/src/core/src/NIViewRecycler.h; sourceTree = "<group>"; };
		20B9A3A2156F015200B29611 /* NIViewRecycler.m */ = {isa = PBXFileReference; fileEncoding = 4; lastKnownFileType = sourcecode.c.objc; name = NIViewRecycler.m; path = nimbus/src/core/src/NIViewRecycler.m; sourceTree = "<group>"; };
		20B9A3A3156F015200B29611 /* NSData+NimbusCore.h */ = {isa = PBXFileReference; fileEncoding = 4; lastKnownFileType = sourcecode.c.h; name = "NSData+NimbusCore.h"; path = "nimbus/src/core/src/NSData+NimbusCore.h"; sourceTree = "<group>"; };
		20B9A3A4156F015200B29611 /* NSData+NimbusCore.m */ = {isa = PBXFileReference; fileEncoding = 4; lastKnownFileType = sourcecode.c.objc; name = "NSData+NimbusCore.m"; path = "nimbus/src/core/src/NSData+NimbusCore.m"; sourceTree = "<group>"; };
		20B9A3A5156F015200B29611 /* NSString+NimbusCore.h */ = {isa = PBXFileReference; fileEncoding = 4; lastKnownFileType = sourcecode.c.h; name = "NSString+NimbusCore.h"; path = "nimbus/src/core/src/NSString+NimbusCore.h"; sourceTree = "<group>"; };
		20B9A3A6156F015200B29611 /* NSString+NimbusCore.m */ = {isa = PBXFileReference; fileEncoding = 4; lastKnownFileType = sourcecode.c.objc; name = "NSString+NimbusCore.m"; path = "nimbus/src/core/src/NSString+NimbusCore.m"; sourceTree = "<group>"; };
		20B9A3A7156F015200B29611 /* UIView+NimbusCore.h */ = {isa = PBXFileReference; fileEncoding = 4; lastKnownFileType = sourcecode.c.h; name = "UIView+NimbusCore.h"; path = "nimbus/src/core/src/UIView+NimbusCore.h"; sourceTree = "<group>"; };
		20B9A3A8156F015200B29611 /* UIView+NimbusCore.m */ = {isa = PBXFileReference; fileEncoding = 4; lastKnownFileType = sourcecode.c.objc; name = "UIView+NimbusCore.m"; path = "nimbus/src/core/src/UIView+NimbusCore.m"; sourceTree = "<group>"; };
		20B9A3BE156F017400B29611 /* NimbusNetworkImage.h */ = {isa = PBXFileReference; fileEncoding = 4; lastKnownFileType = sourcecode.c.h; name = NimbusNetworkImage.h; path = nimbus/src/networkimage/src/NimbusNetworkImage.h; sourceTree = "<group>"; };
		20B9A3BF156F017400B29611 /* NimbusNetworkImage+Namespace.h */ = {isa = PBXFileReference; fileEncoding = 4; lastKnownFileType = sourcecode.c.h; name = "NimbusNetworkImage+Namespace.h"; path = "nimbus/src/networkimage/src/NimbusNetworkImage+Namespace.h"; sourceTree = "<group>"; };
		20B9A3C0156F017400B29611 /* NINetworkImageRequest.h */ = {isa = PBXFileReference; fileEncoding = 4; lastKnownFileType = sourcecode.c.h; name = NINetworkImageRequest.h; path = nimbus/src/networkimage/src/NINetworkImageRequest.h; sourceTree = "<group>"; };
		20B9A3C1156F017400B29611 /* NINetworkImageRequest.m */ = {isa = PBXFileReference; fileEncoding = 4; lastKnownFileType = sourcecode.c.objc; name = NINetworkImageRequest.m; path = nimbus/src/networkimage/src/NINetworkImageRequest.m; sourceTree = "<group>"; };
		20B9A3C2156F017400B29611 /* NINetworkImageView.h */ = {isa = PBXFileReference; fileEncoding = 4; lastKnownFileType = sourcecode.c.h; name = NINetworkImageView.h; path = nimbus/src/networkimage/src/NINetworkImageView.h; sourceTree = "<group>"; };
		20B9A3C3156F017400B29611 /* NINetworkImageView.m */ = {isa = PBXFileReference; fileEncoding = 4; lastKnownFileType = sourcecode.c.objc; name = NINetworkImageView.m; path = nimbus/src/networkimage/src/NINetworkImageView.m; sourceTree = "<group>"; };
		20B9A3C6156F026C00B29611 /* Graph Paper - iPhone.png */ = {isa = PBXFileReference; lastKnownFileType = image.png; path = "Graph Paper - iPhone.png"; sourceTree = "<group>"; };
		20B9A3C7156F026C00B29611 /* Graph Paper - iPhone@2x.png */ = {isa = PBXFileReference; lastKnownFileType = image.png; path = "Graph Paper - iPhone@2x.png"; sourceTree = "<group>"; };
		20B9A3CA156F031E00B29611 /* 166-newspaper@2x.png */ = {isa = PBXFileReference; lastKnownFileType = image.png; path = "166-newspaper@2x.png"; sourceTree = "<group>"; };
		20B9A3CB156F031E00B29611 /* 166-newspaper.png */ = {isa = PBXFileReference; lastKnownFileType = image.png; path = "166-newspaper.png"; sourceTree = "<group>"; };
		20B9A3CE156F03EA00B29611 /* 18-envelope@2x.png */ = {isa = PBXFileReference; lastKnownFileType = image.png; path = "18-envelope@2x.png"; sourceTree = "<group>"; };
		20B9A3CF156F03EA00B29611 /* 18-envelope.png */ = {isa = PBXFileReference; lastKnownFileType = image.png; path = "18-envelope.png"; sourceTree = "<group>"; };
		E71AA225156DB024002776D7 /* Prospy.h */ = {isa = PBXFileReference; fileEncoding = 4; lastKnownFileType = sourcecode.c.h; path = Prospy.h; sourceTree = "<group>"; };
		E71AA226156DB024002776D7 /* Prospy.m */ = {isa = PBXFileReference; fileEncoding = 4; lastKnownFileType = sourcecode.c.objc; path = Prospy.m; sourceTree = "<group>"; };
		E7C68033156D926D00DD30B6 /* InterestViewController.h */ = {isa = PBXFileReference; fileEncoding = 4; lastKnownFileType = sourcecode.c.h; path = InterestViewController.h; sourceTree = "<group>"; };
		E7C68034156D926D00DD30B6 /* InterestViewController.m */ = {isa = PBXFileReference; fileEncoding = 4; lastKnownFileType = sourcecode.c.objc; path = InterestViewController.m; sourceTree = "<group>"; };
/* End PBXFileReference section */

/* Begin PBXFrameworksBuildPhase section */
		20B9A1A6156BE07200B29611 /* Frameworks */ = {
			isa = PBXFrameworksBuildPhase;
			buildActionMask = 2147483647;
			files = (
				20B9A29D156EBEC300B29611 /* CoreText.framework in Frameworks */,
				1811F6C3156C29E0000CF478 /* CFNetwork.framework in Frameworks */,
				18665DDA156BF7CC000A9740 /* CoreData.framework in Frameworks */,
				18665DDB156BF7CC000A9740 /* libxml2.dylib in Frameworks */,
				18665DDC156BF7CC000A9740 /* MobileCoreServices.framework in Frameworks */,
				18665DDD156BF7CC000A9740 /* QuartzCore.framework in Frameworks */,
				18665DDE156BF7CC000A9740 /* Security.framework in Frameworks */,
				18665DDF156BF7CC000A9740 /* SystemConfiguration.framework in Frameworks */,
				18665DD3156BF748000A9740 /* libRestKit.a in Frameworks */,
				20B9A1AE156BE07200B29611 /* UIKit.framework in Frameworks */,
				20B9A1B0156BE07200B29611 /* Foundation.framework in Frameworks */,
				20B9A1B2156BE07200B29611 /* CoreGraphics.framework in Frameworks */,
			);
			runOnlyForDeploymentPostprocessing = 0;
		};
/* End PBXFrameworksBuildPhase section */

/* Begin PBXGroup section */
		18665DA2156BED93000A9740 /* Models */ = {
			isa = PBXGroup;
			children = (
				18665DA4156BEE47000A9740 /* FacebookStatus.h */,
				18665DA5156BEE47000A9740 /* FacebookStatus.m */,
				187BEB8C156C1B9B006810C5 /* Tweet.h */,
				187BEB8D156C1B9B006810C5 /* Tweet.m */,
				E71AA225156DB024002776D7 /* Prospy.h */,
				E71AA226156DB024002776D7 /* Prospy.m */,
			);
			name = Models;
			sourceTree = "<group>";
		};
		18665DBD156BF63A000A9740 /* Products */ = {
			isa = PBXGroup;
			children = (
				18665DC8156BF63A000A9740 /* libRestKit.a */,
				18665DCA156BF63A000A9740 /* RestKitTests.octest */,
				18665DCC156BF63A000A9740 /* RestKit.framework */,
				18665DCE156BF63A000A9740 /* RestKitFrameworkTests.octest */,
				18665DD0156BF63A000A9740 /* RestKitResources.bundle */,
			);
			name = Products;
			sourceTree = "<group>";
		};
		20B9A19E156BE07200B29611 = {
			isa = PBXGroup;
			children = (
				20B9A1B3156BE07200B29611 /* LSMSA */,
				20B9A29B156EBE9300B29611 /* Vendor */,
				20B9A1AC156BE07200B29611 /* Frameworks */,
				20B9A1AA156BE07200B29611 /* Products */,
			);
			sourceTree = "<group>";
		};
		20B9A1AA156BE07200B29611 /* Products */ = {
			isa = PBXGroup;
			children = (
				20B9A1A9156BE07200B29611 /* LSMSA.app */,
			);
			name = Products;
			sourceTree = "<group>";
		};
		20B9A1AC156BE07200B29611 /* Frameworks */ = {
			isa = PBXGroup;
			children = (
				18665DBC156BF63A000A9740 /* RestKit.xcodeproj */,
				20B9A29C156EBEC300B29611 /* CoreText.framework */,
				1811F6C2156C29E0000CF478 /* CFNetwork.framework */,
				18665DD4156BF7CC000A9740 /* CoreData.framework */,
				18665DD5156BF7CC000A9740 /* libxml2.dylib */,
				18665DD6156BF7CC000A9740 /* MobileCoreServices.framework */,
				18665DD7156BF7CC000A9740 /* QuartzCore.framework */,
				18665DD8156BF7CC000A9740 /* Security.framework */,
				18665DD9156BF7CC000A9740 /* SystemConfiguration.framework */,
				20B9A1AD156BE07200B29611 /* UIKit.framework */,
				20B9A1AF156BE07200B29611 /* Foundation.framework */,
				20B9A1B1156BE07200B29611 /* CoreGraphics.framework */,
			);
			name = Frameworks;
			sourceTree = "<group>";
		};
		20B9A1B3156BE07200B29611 /* LSMSA */ = {
			isa = PBXGroup;
			children = (
				18665DA2156BED93000A9740 /* Models */,
				20B9A27F156EBD5B00B29611 /* Views */,
				20B9A27E156EBD5100B29611 /* Controllers */,
				20B9A1BC156BE07200B29611 /* AppDelegate.h */,
				20B9A1BD156BE07200B29611 /* AppDelegate.m */,
				20B9A1B4156BE07200B29611 /* Supporting Files */,
				20B9A27D156EBD2F00B29611 /* Images */,
			);
			path = LSMSA;
			sourceTree = "<group>";
		};
		20B9A1B4156BE07200B29611 /* Supporting Files */ = {
			isa = PBXGroup;
			children = (
				20B9A1B5156BE07200B29611 /* LSMSA-Info.plist */,
				20B9A1B6156BE07200B29611 /* InfoPlist.strings */,
				20B9A1B9156BE07200B29611 /* main.m */,
				20B9A1BB156BE07200B29611 /* LSMSA-Prefix.pch */,
			);
			name = "Supporting Files";
			sourceTree = "<group>";
		};
		20B9A27D156EBD2F00B29611 /* Images */ = {
			isa = PBXGroup;
			children = (
				20B9A3CE156F03EA00B29611 /* 18-envelope@2x.png */,
				20B9A3CF156F03EA00B29611 /* 18-envelope.png */,
				20B9A3CA156F031E00B29611 /* 166-newspaper@2x.png */,
				20B9A3CB156F031E00B29611 /* 166-newspaper.png */,
				20B9A3C6156F026C00B29611 /* Graph Paper - iPhone.png */,
				20B9A3C7156F026C00B29611 /* Graph Paper - iPhone@2x.png */,
				18E7EF69156DC236008A0290 /* 103-map.png */,
				18E7EF6A156DC236008A0290 /* 103-map@2x.png */,
				18E7EF65156DC1AB008A0290 /* NSUMapSmall.png */,
				18E7EF66156DC1AB008A0290 /* NSUMapSmall@2x.png */,
			);
			name = Images;
			sourceTree = "<group>";
		};
		20B9A27E156EBD5100B29611 /* Controllers */ = {
			isa = PBXGroup;
			children = (
				E7C68033156D926D00DD30B6 /* InterestViewController.h */,
				E7C68034156D926D00DD30B6 /* InterestViewController.m */,
				20B9A25C156D9B8B00B29611 /* MapViewController.h */,
				20B9A25D156D9B8B00B29611 /* MapViewController.m */,
				18E7EF55156DB956008A0290 /* NewsTableController.h */,
				18E7EF56156DB956008A0290 /* NewsTableController.m */,
			);
			name = Controllers;
			sourceTree = "<group>";
		};
		20B9A27F156EBD5B00B29611 /* Views */ = {
			isa = PBXGroup;
			children = (
				20B9A2A9156EC4F400B29611 /* StatusTableViewCell.h */,
				20B9A2AA156EC4F400B29611 /* StatusTableViewCell.m */,
				20B9A2AB156EC4F400B29611 /* TweetTableViewCell.h */,
				20B9A2AC156EC4F400B29611 /* TweetTableViewCell.m */,
				20B9A1BF156BE07200B29611 /* MainStoryboard_iPhone.storyboard */,
			);
			name = Views;
			sourceTree = "<group>";
		};
		20B9A29B156EBE9300B29611 /* Vendor */ = {
			isa = PBXGroup;
			children = (
				20B9A367156F001D00B29611 /* Nimbus */,
				20B9A2D6156EF2DB00B29611 /* TPKeyboardAvoidingScrollView.h */,
				20B9A2CA156EE43600B29611 /* SEHumanizedTime */,
				20B9A2A2156EC09700B29611 /* NSString+HTML */,
				20B9A29E156EBED200B29611 /* TTTAttributedLabel */,
			);
			name = Vendor;
			path = LSMSA;
			sourceTree = "<group>";
		};
		20B9A29E156EBED200B29611 /* TTTAttributedLabel */ = {
			isa = PBXGroup;
			children = (
				20B9A29F156EBF0100B29611 /* TTTAttributedLabel.h */,
				20B9A2A0156EBF0100B29611 /* TTTAttributedLabel.m */,
			);
			name = TTTAttributedLabel;
			sourceTree = "<group>";
		};
		20B9A2A2156EC09700B29611 /* NSString+HTML */ = {
			isa = PBXGroup;
			children = (
				20B9A2A3156EC0A800B29611 /* GTMNSString+HTML.h */,
				20B9A2A4156EC0A800B29611 /* GTMNSString+HTML.m */,
				20B9A2A5156EC0A800B29611 /* NSString+HTML.h */,
				20B9A2A6156EC0A800B29611 /* NSString+HTML.m */,
			);
			name = "NSString+HTML";
			sourceTree = "<group>";
		};
		20B9A2CA156EE43600B29611 /* SEHumanizedTime */ = {
			isa = PBXGroup;
			children = (
				20B9A2CB156EE43600B29611 /* Localizable.strings */,
				20B9A2CE156EE43600B29611 /* NSDate+HumanizedTime.h */,
				20B9A2CF156EE43600B29611 /* NSDate+HumanizedTime.m */,
			);
			path = SEHumanizedTime;
			sourceTree = "<group>";
		};
		20B9A2D6156EF2DB00B29611 /* TPKeyboardAvoidingScrollView.h */ = {
			isa = PBXGroup;
			children = (
				20B9A2D3156EF27E00B29611 /* TPKeyboardAvoidingScrollView.h */,
				20B9A2D4156EF27E00B29611 /* TPKeyboardAvoidingScrollView.m */,
			);
			name = TPKeyboardAvoidingScrollView.h;
			sourceTree = "<group>";
		};
		20B9A367156F001D00B29611 /* Nimbus */ = {
			isa = PBXGroup;
			children = (
				20B9A3BD156F015E00B29611 /* NINetworkImageView */,
				20B9A37A156F012C00B29611 /* Core */,
			);
			name = Nimbus;
			sourceTree = "<group>";
		};
		20B9A37A156F012C00B29611 /* Core */ = {
			isa = PBXGroup;
			children = (
				20B9A37B156F015200B29611 /* NIBlocks.h */,
				20B9A37C156F015200B29611 /* NICommonMetrics.h */,
				20B9A37D156F015200B29611 /* NICommonMetrics.m */,
				20B9A37E156F015200B29611 /* NIDataStructures.h */,
				20B9A37F156F015200B29611 /* NIDataStructures.m */,
				20B9A380156F015200B29611 /* NIDebuggingTools.h */,
				20B9A381156F015200B29611 /* NIDebuggingTools.m */,
				20B9A382156F015200B29611 /* NIDeviceOrientation.h */,
				20B9A383156F015200B29611 /* NIDeviceOrientation.m */,
				20B9A384156F015200B29611 /* NIError.h */,
				20B9A385156F015200B29611 /* NIError.m */,
				20B9A386156F015200B29611 /* NIFoundationMethods.h */,
				20B9A387156F015200B29611 /* NIFoundationMethods.m */,
				20B9A388156F015200B29611 /* NIInMemoryCache.h */,
				20B9A389156F015200B29611 /* NIInMemoryCache.m */,
				20B9A38A156F015200B29611 /* NimbusCore.h */,
				20B9A38B156F015200B29611 /* NimbusCore+Additions.h */,
				20B9A38C156F015200B29611 /* NimbusCore+Namespace.h */,
				20B9A38D156F015200B29611 /* NINavigationAppearance.h */,
				20B9A38E156F015200B29611 /* NINavigationAppearance.m */,
				20B9A38F156F015200B29611 /* NINetworkActivity.h */,
				20B9A390156F015200B29611 /* NINetworkActivity.m */,
				20B9A391156F015200B29611 /* NINonEmptyCollectionTesting.h */,
				20B9A392156F015200B29611 /* NINonEmptyCollectionTesting.m */,
				20B9A393156F015200B29611 /* NINonRetainingCollections.h */,
				20B9A394156F015200B29611 /* NINonRetainingCollections.m */,
				20B9A395156F015200B29611 /* NIOperations.h */,
				20B9A396156F015200B29611 /* NIOperations.m */,
				20B9A397156F015200B29611 /* NIOperations+Subclassing.h */,
				20B9A398156F015200B29611 /* NIPaths.h */,
				20B9A399156F015200B29611 /* NIPaths.m */,
				20B9A39A156F015200B29611 /* NIPreprocessorMacros.h */,
				20B9A39B156F015200B29611 /* NIRuntimeClassModifications.h */,
				20B9A39C156F015200B29611 /* NIRuntimeClassModifications.m */,
				20B9A39D156F015200B29611 /* NISDKAvailability.h */,
				20B9A39E156F015200B29611 /* NISDKAvailability.m */,
				20B9A39F156F015200B29611 /* NIState.h */,
				20B9A3A0156F015200B29611 /* NIState.m */,
				20B9A3A1156F015200B29611 /* NIViewRecycler.h */,
				20B9A3A2156F015200B29611 /* NIViewRecycler.m */,
				20B9A3A3156F015200B29611 /* NSData+NimbusCore.h */,
				20B9A3A4156F015200B29611 /* NSData+NimbusCore.m */,
				20B9A3A5156F015200B29611 /* NSString+NimbusCore.h */,
				20B9A3A6156F015200B29611 /* NSString+NimbusCore.m */,
				20B9A3A7156F015200B29611 /* UIView+NimbusCore.h */,
				20B9A3A8156F015200B29611 /* UIView+NimbusCore.m */,
			);
			name = Core;
			sourceTree = "<group>";
		};
		20B9A3BD156F015E00B29611 /* NINetworkImageView */ = {
			isa = PBXGroup;
			children = (
				20B9A3BE156F017400B29611 /* NimbusNetworkImage.h */,
				20B9A3BF156F017400B29611 /* NimbusNetworkImage+Namespace.h */,
				20B9A3C0156F017400B29611 /* NINetworkImageRequest.h */,
				20B9A3C1156F017400B29611 /* NINetworkImageRequest.m */,
				20B9A3C2156F017400B29611 /* NINetworkImageView.h */,
				20B9A3C3156F017400B29611 /* NINetworkImageView.m */,
			);
			name = NINetworkImageView;
			sourceTree = "<group>";
		};
/* End PBXGroup section */

/* Begin PBXNativeTarget section */
		20B9A1A8156BE07200B29611 /* LSMSA */ = {
			isa = PBXNativeTarget;
			buildConfigurationList = 20B9A1D5156BE07200B29611 /* Build configuration list for PBXNativeTarget "LSMSA" */;
			buildPhases = (
				20B9A1A5156BE07200B29611 /* Sources */,
				20B9A1A6156BE07200B29611 /* Frameworks */,
				20B9A1A7156BE07200B29611 /* Resources */,
			);
			buildRules = (
			);
			dependencies = (
				18665DD2156BF6F9000A9740 /* PBXTargetDependency */,
			);
			name = LSMSA;
			productName = LSMSA;
			productReference = 20B9A1A9156BE07200B29611 /* LSMSA.app */;
			productType = "com.apple.product-type.application";
		};
/* End PBXNativeTarget section */

/* Begin PBXProject section */
		20B9A1A0156BE07200B29611 /* Project object */ = {
			isa = PBXProject;
			attributes = {
				LastUpgradeCheck = 0420;
				ORGANIZATIONNAME = NewAperio;
			};
			buildConfigurationList = 20B9A1A3156BE07200B29611 /* Build configuration list for PBXProject "LSMSA" */;
			compatibilityVersion = "Xcode 3.2";
			developmentRegion = English;
			hasScannedForEncodings = 0;
			knownRegions = (
				en,
				de,
				tr,
			);
			mainGroup = 20B9A19E156BE07200B29611;
			productRefGroup = 20B9A1AA156BE07200B29611 /* Products */;
			projectDirPath = "";
			projectReferences = (
				{
					ProductGroup = 18665DBD156BF63A000A9740 /* Products */;
					ProjectRef = 18665DBC156BF63A000A9740 /* RestKit.xcodeproj */;
				},
			);
			projectRoot = "";
			targets = (
				20B9A1A8156BE07200B29611 /* LSMSA */,
			);
		};
/* End PBXProject section */

/* Begin PBXReferenceProxy section */
		18665DC8156BF63A000A9740 /* libRestKit.a */ = {
			isa = PBXReferenceProxy;
			fileType = archive.ar;
			path = libRestKit.a;
			remoteRef = 18665DC7156BF63A000A9740 /* PBXContainerItemProxy */;
			sourceTree = BUILT_PRODUCTS_DIR;
		};
		18665DCA156BF63A000A9740 /* RestKitTests.octest */ = {
			isa = PBXReferenceProxy;
			fileType = wrapper.cfbundle;
			path = RestKitTests.octest;
			remoteRef = 18665DC9156BF63A000A9740 /* PBXContainerItemProxy */;
			sourceTree = BUILT_PRODUCTS_DIR;
		};
		18665DCC156BF63A000A9740 /* RestKit.framework */ = {
			isa = PBXReferenceProxy;
			fileType = wrapper.framework;
			path = RestKit.framework;
			remoteRef = 18665DCB156BF63A000A9740 /* PBXContainerItemProxy */;
			sourceTree = BUILT_PRODUCTS_DIR;
		};
		18665DCE156BF63A000A9740 /* RestKitFrameworkTests.octest */ = {
			isa = PBXReferenceProxy;
			fileType = wrapper.cfbundle;
			path = RestKitFrameworkTests.octest;
			remoteRef = 18665DCD156BF63A000A9740 /* PBXContainerItemProxy */;
			sourceTree = BUILT_PRODUCTS_DIR;
		};
		18665DD0156BF63A000A9740 /* RestKitResources.bundle */ = {
			isa = PBXReferenceProxy;
			fileType = wrapper.cfbundle;
			path = RestKitResources.bundle;
			remoteRef = 18665DCF156BF63A000A9740 /* PBXContainerItemProxy */;
			sourceTree = BUILT_PRODUCTS_DIR;
		};
/* End PBXReferenceProxy section */

/* Begin PBXResourcesBuildPhase section */
		20B9A1A7156BE07200B29611 /* Resources */ = {
			isa = PBXResourcesBuildPhase;
			buildActionMask = 2147483647;
			files = (
				20B9A1B8156BE07200B29611 /* InfoPlist.strings in Resources */,
				20B9A1C1156BE07200B29611 /* MainStoryboard_iPhone.storyboard in Resources */,
				18E7EF67156DC1AB008A0290 /* NSUMapSmall.png in Resources */,
				18E7EF68156DC1AB008A0290 /* NSUMapSmall@2x.png in Resources */,
				18E7EF6B156DC236008A0290 /* 103-map.png in Resources */,
				18E7EF6C156DC236008A0290 /* 103-map@2x.png in Resources */,
				20B9A2D1156EE43600B29611 /* Localizable.strings in Resources */,
				20B9A3C8156F026C00B29611 /* Graph Paper - iPhone.png in Resources */,
				20B9A3C9156F026C00B29611 /* Graph Paper - iPhone@2x.png in Resources */,
				20B9A3CC156F031E00B29611 /* 166-newspaper@2x.png in Resources */,
				20B9A3CD156F031E00B29611 /* 166-newspaper.png in Resources */,
				20B9A3D0156F03EA00B29611 /* 18-envelope@2x.png in Resources */,
				20B9A3D1156F03EA00B29611 /* 18-envelope.png in Resources */,
			);
			runOnlyForDeploymentPostprocessing = 0;
		};
/* End PBXResourcesBuildPhase section */

/* Begin PBXSourcesBuildPhase section */
		20B9A1A5156BE07200B29611 /* Sources */ = {
			isa = PBXSourcesBuildPhase;
			buildActionMask = 2147483647;
			files = (
				20B9A27C156EBCE900B29611 /* Prospy.m in Sources */,
				18E7EF87156DC3B9008A0290 /* NewsTableController.m in Sources */,
				20B9A1BA156BE07200B29611 /* main.m in Sources */,
				20B9A1BE156BE07200B29611 /* AppDelegate.m in Sources */,
				18665DA6156BEE47000A9740 /* FacebookStatus.m in Sources */,
				187BEB8E156C1B9B006810C5 /* Tweet.m in Sources */,
				E7C68035156D926D00DD30B6 /* InterestViewController.m in Sources */,
				20B9A25E156D9B8B00B29611 /* MapViewController.m in Sources */,
				20B9A2A1156EBF0100B29611 /* TTTAttributedLabel.m in Sources */,
				20B9A2A7156EC0A800B29611 /* GTMNSString+HTML.m in Sources */,
				20B9A2A8156EC0A800B29611 /* NSString+HTML.m in Sources */,
				20B9A2AD156EC4F400B29611 /* StatusTableViewCell.m in Sources */,
				20B9A2AE156EC4F400B29611 /* TweetTableViewCell.m in Sources */,
				20B9A2D2156EE43600B29611 /* NSDate+HumanizedTime.m in Sources */,
				20B9A2D5156EF27E00B29611 /* TPKeyboardAvoidingScrollView.m in Sources */,
				20B9A3A9156F015200B29611 /* NICommonMetrics.m in Sources */,
				20B9A3AA156F015200B29611 /* NIDataStructures.m in Sources */,
				20B9A3AB156F015200B29611 /* NIDebuggingTools.m in Sources */,
				20B9A3AC156F015200B29611 /* NIDeviceOrientation.m in Sources */,
				20B9A3AD156F015200B29611 /* NIError.m in Sources */,
				20B9A3AE156F015200B29611 /* NIFoundationMethods.m in Sources */,
				20B9A3AF156F015200B29611 /* NIInMemoryCache.m in Sources */,
				20B9A3B0156F015200B29611 /* NINavigationAppearance.m in Sources */,
				20B9A3B1156F015200B29611 /* NINetworkActivity.m in Sources */,
				20B9A3B2156F015200B29611 /* NINonEmptyCollectionTesting.m in Sources */,
				20B9A3B3156F015200B29611 /* NINonRetainingCollections.m in Sources */,
				20B9A3B4156F015200B29611 /* NIOperations.m in Sources */,
				20B9A3B5156F015200B29611 /* NIPaths.m in Sources */,
				20B9A3B6156F015200B29611 /* NIRuntimeClassModifications.m in Sources */,
				20B9A3B7156F015200B29611 /* NISDKAvailability.m in Sources */,
				20B9A3B8156F015200B29611 /* NIState.m in Sources */,
				20B9A3B9156F015200B29611 /* NIViewRecycler.m in Sources */,
				20B9A3BA156F015200B29611 /* NSData+NimbusCore.m in Sources */,
				20B9A3BB156F015200B29611 /* NSString+NimbusCore.m in Sources */,
				20B9A3BC156F015200B29611 /* UIView+NimbusCore.m in Sources */,
				20B9A3C4156F017400B29611 /* NINetworkImageRequest.m in Sources */,
				20B9A3C5156F017400B29611 /* NINetworkImageView.m in Sources */,
			);
			runOnlyForDeploymentPostprocessing = 0;
		};
/* End PBXSourcesBuildPhase section */

/* Begin PBXTargetDependency section */
		18665DD2156BF6F9000A9740 /* PBXTargetDependency */ = {
			isa = PBXTargetDependency;
			name = RestKit;
			targetProxy = 18665DD1156BF6F9000A9740 /* PBXContainerItemProxy */;
		};
/* End PBXTargetDependency section */

/* Begin PBXVariantGroup section */
		20B9A1B6156BE07200B29611 /* InfoPlist.strings */ = {
			isa = PBXVariantGroup;
			children = (
				20B9A1B7156BE07200B29611 /* en */,
			);
			name = InfoPlist.strings;
			sourceTree = "<group>";
		};
		20B9A1BF156BE07200B29611 /* MainStoryboard_iPhone.storyboard */ = {
			isa = PBXVariantGroup;
			children = (
				20B9A1C0156BE07200B29611 /* en */,
			);
			name = MainStoryboard_iPhone.storyboard;
			sourceTree = "<group>";
		};
		20B9A2CB156EE43600B29611 /* Localizable.strings */ = {
			isa = PBXVariantGroup;
			children = (
				20B9A2CC156EE43600B29611 /* de */,
				20B9A2CD156EE43600B29611 /* en */,
				20B9A2D0156EE43600B29611 /* tr */,
			);
			name = Localizable.strings;
			sourceTree = "<group>";
		};
/* End PBXVariantGroup section */

/* Begin XCBuildConfiguration section */
		20B9A1D3156BE07200B29611 /* Debug */ = {
			isa = XCBuildConfiguration;
			buildSettings = {
				ALWAYS_SEARCH_USER_PATHS = NO;
				ARCHS = "$(ARCHS_STANDARD_32_BIT)";
				CLANG_ENABLE_OBJC_ARC = YES;
				"CODE_SIGN_IDENTITY[sdk=iphoneos*]" = "iPhone Developer";
				COPY_PHASE_STRIP = NO;
				GCC_C_LANGUAGE_STANDARD = gnu99;
				GCC_DYNAMIC_NO_PIC = NO;
				GCC_OPTIMIZATION_LEVEL = 0;
				GCC_PREPROCESSOR_DEFINITIONS = (
					"DEBUG=1",
					"$(inherited)",
				);
				GCC_SYMBOLS_PRIVATE_EXTERN = NO;
				GCC_VERSION = com.apple.compilers.llvm.clang.1_0;
				GCC_WARN_ABOUT_MISSING_PROTOTYPES = YES;
				GCC_WARN_ABOUT_RETURN_TYPE = YES;
				GCC_WARN_UNUSED_VARIABLE = YES;
				IPHONEOS_DEPLOYMENT_TARGET = 5.0;
				SDKROOT = iphoneos;
				TARGETED_DEVICE_FAMILY = "1,2";
			};
			name = Debug;
		};
		20B9A1D4156BE07200B29611 /* Release */ = {
			isa = XCBuildConfiguration;
			buildSettings = {
				ALWAYS_SEARCH_USER_PATHS = NO;
				ARCHS = "$(ARCHS_STANDARD_32_BIT)";
				CLANG_ENABLE_OBJC_ARC = YES;
				"CODE_SIGN_IDENTITY[sdk=iphoneos*]" = "iPhone Developer";
				COPY_PHASE_STRIP = YES;
				GCC_C_LANGUAGE_STANDARD = gnu99;
				GCC_VERSION = com.apple.compilers.llvm.clang.1_0;
				GCC_WARN_ABOUT_MISSING_PROTOTYPES = YES;
				GCC_WARN_ABOUT_RETURN_TYPE = YES;
				GCC_WARN_UNUSED_VARIABLE = YES;
				IPHONEOS_DEPLOYMENT_TARGET = 5.0;
				OTHER_CFLAGS = "-DNS_BLOCK_ASSERTIONS=1";
				SDKROOT = iphoneos;
				TARGETED_DEVICE_FAMILY = "1,2";
				VALIDATE_PRODUCT = YES;
			};
			name = Release;
		};
		20B9A1D6156BE07200B29611 /* Debug */ = {
			isa = XCBuildConfiguration;
			buildSettings = {
				GCC_PRECOMPILE_PREFIX_HEADER = YES;
				GCC_PREFIX_HEADER = "LSMSA/LSMSA-Prefix.pch";
				HEADER_SEARCH_PATHS = "$(BUILT_PRODUCTS_DIR)/../../Headers";
				INFOPLIST_FILE = "LSMSA/LSMSA-Info.plist";
				OTHER_LDFLAGS = (
					"-objC",
					"-all_load",
				);
				PRODUCT_NAME = "$(TARGET_NAME)";
				WRAPPER_EXTENSION = app;
			};
			name = Debug;
		};
		20B9A1D7156BE07200B29611 /* Release */ = {
			isa = XCBuildConfiguration;
			buildSettings = {
				GCC_PRECOMPILE_PREFIX_HEADER = YES;
				GCC_PREFIX_HEADER = "LSMSA/LSMSA-Prefix.pch";
				HEADER_SEARCH_PATHS = "$(BUILT_PRODUCTS_DIR)/../../Headers";
				INFOPLIST_FILE = "LSMSA/LSMSA-Info.plist";
				OTHER_LDFLAGS = (
					"-objC",
					"-all_load",
				);
				PRODUCT_NAME = "$(TARGET_NAME)";
				WRAPPER_EXTENSION = app;
			};
			name = Release;
		};
/* End XCBuildConfiguration section */

/* Begin XCConfigurationList section */
		20B9A1A3156BE07200B29611 /* Build configuration list for PBXProject "LSMSA" */ = {
			isa = XCConfigurationList;
			buildConfigurations = (
				20B9A1D3156BE07200B29611 /* Debug */,
				20B9A1D4156BE07200B29611 /* Release */,
			);
			defaultConfigurationIsVisible = 0;
			defaultConfigurationName = Release;
		};
		20B9A1D5156BE07200B29611 /* Build configuration list for PBXNativeTarget "LSMSA" */ = {
			isa = XCConfigurationList;
			buildConfigurations = (
				20B9A1D6156BE07200B29611 /* Debug */,
				20B9A1D7156BE07200B29611 /* Release */,
			);
			defaultConfigurationIsVisible = 0;
			defaultConfigurationName = Release;
		};
/* End XCConfigurationList section */
	};
	rootObject = 20B9A1A0156BE07200B29611 /* Project object */;
}
